// !$*UTF8*$!
{
	archiveVersion = 1;
	classes = {
	};
	objectVersion = 50;
	objects = {

/* Begin PBXBuildFile section */
		2375126B21C23C0F0048DDCC /* AppDelegate.swift in Sources */ = {isa = PBXBuildFile; fileRef = 2375126A21C23C0F0048DDCC /* AppDelegate.swift */; };
		2375126D21C23C0F0048DDCC /* ViewController.swift in Sources */ = {isa = PBXBuildFile; fileRef = 2375126C21C23C0F0048DDCC /* ViewController.swift */; };
		2375127021C23C0F0048DDCC /* Main.storyboard in Resources */ = {isa = PBXBuildFile; fileRef = 2375126E21C23C0F0048DDCC /* Main.storyboard */; };
		2375127221C23C0F0048DDCC /* Assets.xcassets in Resources */ = {isa = PBXBuildFile; fileRef = 2375127121C23C0F0048DDCC /* Assets.xcassets */; };
		2375127521C23C0F0048DDCC /* LaunchScreen.storyboard in Resources */ = {isa = PBXBuildFile; fileRef = 2375127321C23C0F0048DDCC /* LaunchScreen.storyboard */; };
		2375127D21C23E8F0048DDCC /* FocalNode.swift in Sources */ = {isa = PBXBuildFile; fileRef = 2375127C21C23E8F0048DDCC /* FocalNode.swift */; };
		2375128221C241630048DDCC /* CowboyBoots_BaseColor.png in Resources */ = {isa = PBXBuildFile; fileRef = 2375127F21C241630048DDCC /* CowboyBoots_BaseColor.png */; };
		2375128321C241630048DDCC /* CowboyBoots.mtl in Resources */ = {isa = PBXBuildFile; fileRef = 2375128021C241630048DDCC /* CowboyBoots.mtl */; };
		2375128421C241630048DDCC /* CowboyBoots.scn in Resources */ = {isa = PBXBuildFile; fileRef = 2375128121C241630048DDCC /* CowboyBoots.scn */; };
		237512AB21C293A40048DDCC /* Vase.scn in Resources */ = {isa = PBXBuildFile; fileRef = 237512AA21C293A40048DDCC /* Vase.scn */; };
		237512AD21C293AD0048DDCC /* VaseTexture.jpg in Resources */ = {isa = PBXBuildFile; fileRef = 237512AC21C293AD0048DDCC /* VaseTexture.jpg */; };
		23FC8BD121CA7C9900789504 /* ProductInfo.sks in Resources */ = {isa = PBXBuildFile; fileRef = 23FC8BD021CA7C9900789504 /* ProductInfo.sks */; };
		23FC8BD321CA820300789504 /* GameScene.scn in Resources */ = {isa = PBXBuildFile; fileRef = 23FC8BD221CA820300789504 /* GameScene.scn */; };
/* End PBXBuildFile section */

/* Begin PBXFileReference section */
		2375126721C23C0F0048DDCC /* DecoratingAppOnly.app */ = {isa = PBXFileReference; explicitFileType = wrapper.application; includeInIndex = 0; path = DecoratingAppOnly.app; sourceTree = BUILT_PRODUCTS_DIR; };
		2375126A21C23C0F0048DDCC /* AppDelegate.swift */ = {isa = PBXFileReference; lastKnownFileType = sourcecode.swift; path = AppDelegate.swift; sourceTree = "<group>"; };
		2375126C21C23C0F0048DDCC /* ViewController.swift */ = {isa = PBXFileReference; lastKnownFileType = sourcecode.swift; path = ViewController.swift; sourceTree = "<group>"; };
		2375126F21C23C0F0048DDCC /* Base */ = {isa = PBXFileReference; lastKnownFileType = file.storyboard; name = Base; path = Base.lproj/Main.storyboard; sourceTree = "<group>"; };
		2375127121C23C0F0048DDCC /* Assets.xcassets */ = {isa = PBXFileReference; lastKnownFileType = folder.assetcatalog; path = Assets.xcassets; sourceTree = "<group>"; };
		2375127421C23C0F0048DDCC /* Base */ = {isa = PBXFileReference; lastKnownFileType = file.storyboard; name = Base; path = Base.lproj/LaunchScreen.storyboard; sourceTree = "<group>"; };
		2375127621C23C0F0048DDCC /* Info.plist */ = {isa = PBXFileReference; lastKnownFileType = text.plist.xml; path = Info.plist; sourceTree = "<group>"; };
		2375127C21C23E8F0048DDCC /* FocalNode.swift */ = {isa = PBXFileReference; lastKnownFileType = sourcecode.swift; path = FocalNode.swift; sourceTree = "<group>"; };
		2375127F21C241630048DDCC /* CowboyBoots_BaseColor.png */ = {isa = PBXFileReference; lastKnownFileType = image.png; path = CowboyBoots_BaseColor.png; sourceTree = "<group>"; };
		2375128021C241630048DDCC /* CowboyBoots.mtl */ = {isa = PBXFileReference; fileEncoding = 4; lastKnownFileType = text; path = CowboyBoots.mtl; sourceTree = "<group>"; };
		2375128121C241630048DDCC /* CowboyBoots.scn */ = {isa = PBXFileReference; lastKnownFileType = file.bplist; path = CowboyBoots.scn; sourceTree = "<group>"; };
		237512AA21C293A40048DDCC /* Vase.scn */ = {isa = PBXFileReference; lastKnownFileType = file.bplist; path = Vase.scn; sourceTree = "<group>"; };
		237512AC21C293AD0048DDCC /* VaseTexture.jpg */ = {isa = PBXFileReference; lastKnownFileType = image.jpeg; path = VaseTexture.jpg; sourceTree = "<group>"; };
		23FC8BD021CA7C9900789504 /* ProductInfo.sks */ = {isa = PBXFileReference; lastKnownFileType = file.sks; path = ProductInfo.sks; sourceTree = "<group>"; };
		23FC8BD221CA820300789504 /* GameScene.scn */ = {isa = PBXFileReference; lastKnownFileType = file.bplist; path = GameScene.scn; sourceTree = "<group>"; };
/* End PBXFileReference section */

/* Begin PBXFrameworksBuildPhase section */
		2375126421C23C0F0048DDCC /* Frameworks */ = {
			isa = PBXFrameworksBuildPhase;
			buildActionMask = 2147483647;
			files = (
			);
			runOnlyForDeploymentPostprocessing = 0;
		};
/* End PBXFrameworksBuildPhase section */

/* Begin PBXGroup section */
		2375125E21C23C0F0048DDCC = {
			isa = PBXGroup;
			children = (
				2375126921C23C0F0048DDCC /* DecoratingAppOnly */,
				2375126821C23C0F0048DDCC /* Products */,
			);
			sourceTree = "<group>";
		};
		2375126821C23C0F0048DDCC /* Products */ = {
			isa = PBXGroup;
			children = (
				2375126721C23C0F0048DDCC /* DecoratingAppOnly.app */,
			);
			name = Products;
			sourceTree = "<group>";
		};
		2375126921C23C0F0048DDCC /* DecoratingAppOnly */ = {
			isa = PBXGroup;
			children = (
				2375127E21C241630048DDCC /* Models */,
				2375126A21C23C0F0048DDCC /* AppDelegate.swift */,
				23FC8BD021CA7C9900789504 /* ProductInfo.sks */,
				2375126C21C23C0F0048DDCC /* ViewController.swift */,
				2375126E21C23C0F0048DDCC /* Main.storyboard */,
				2375127C21C23E8F0048DDCC /* FocalNode.swift */,
				2375127121C23C0F0048DDCC /* Assets.xcassets */,
				2375127321C23C0F0048DDCC /* LaunchScreen.storyboard */,
				2375127621C23C0F0048DDCC /* Info.plist */,
			);
			path = DecoratingAppOnly;
			sourceTree = "<group>";
		};
		2375127E21C241630048DDCC /* Models */ = {
			isa = PBXGroup;
			children = (
				2375127F21C241630048DDCC /* CowboyBoots_BaseColor.png */,
				2375128021C241630048DDCC /* CowboyBoots.mtl */,
				2375128121C241630048DDCC /* CowboyBoots.scn */,
				237512AA21C293A40048DDCC /* Vase.scn */,
				237512AC21C293AD0048DDCC /* VaseTexture.jpg */,
				23FC8BD221CA820300789504 /* GameScene.scn */,
			);
			path = Models;
			sourceTree = "<group>";
		};
/* End PBXGroup section */

/* Begin PBXNativeTarget section */
		2375126621C23C0F0048DDCC /* DecoratingAppOnly */ = {
			isa = PBXNativeTarget;
			buildConfigurationList = 2375127921C23C0F0048DDCC /* Build configuration list for PBXNativeTarget "DecoratingAppOnly" */;
			buildPhases = (
				2375126321C23C0F0048DDCC /* Sources */,
				2375126421C23C0F0048DDCC /* Frameworks */,
				2375126521C23C0F0048DDCC /* Resources */,
			);
			buildRules = (
			);
			dependencies = (
			);
			name = DecoratingAppOnly;
			productName = DecoratingAppOnly;
			productReference = 2375126721C23C0F0048DDCC /* DecoratingAppOnly.app */;
			productType = "com.apple.product-type.application";
		};
/* End PBXNativeTarget section */

/* Begin PBXProject section */
		2375125F21C23C0F0048DDCC /* Project object */ = {
			isa = PBXProject;
			attributes = {
				LastSwiftUpdateCheck = 1010;
				LastUpgradeCheck = 1010;
				ORGANIZATIONNAME = "Schmidt, Denise";
				TargetAttributes = {
					2375126621C23C0F0048DDCC = {
						CreatedOnToolsVersion = 10.1;
					};
				};
			};
			buildConfigurationList = 2375126221C23C0F0048DDCC /* Build configuration list for PBXProject "DecoratingAppOnly" */;
			compatibilityVersion = "Xcode 9.3";
			developmentRegion = en;
			hasScannedForEncodings = 0;
			knownRegions = (
				en,
				Base,
			);
			mainGroup = 2375125E21C23C0F0048DDCC;
			productRefGroup = 2375126821C23C0F0048DDCC /* Products */;
			projectDirPath = "";
			projectRoot = "";
			targets = (
				2375126621C23C0F0048DDCC /* DecoratingAppOnly */,
			);
		};
/* End PBXProject section */

/* Begin PBXResourcesBuildPhase section */
		2375126521C23C0F0048DDCC /* Resources */ = {
			isa = PBXResourcesBuildPhase;
			buildActionMask = 2147483647;
			files = (
				2375127521C23C0F0048DDCC /* LaunchScreen.storyboard in Resources */,
				2375128421C241630048DDCC /* CowboyBoots.scn in Resources */,
				237512AB21C293A40048DDCC /* Vase.scn in Resources */,
				23FC8BD321CA820300789504 /* GameScene.scn in Resources */,
				2375127221C23C0F0048DDCC /* Assets.xcassets in Resources */,
				2375127021C23C0F0048DDCC /* Main.storyboard in Resources */,
				2375128321C241630048DDCC /* CowboyBoots.mtl in Resources */,
				237512AD21C293AD0048DDCC /* VaseTexture.jpg in Resources */,
				23FC8BD121CA7C9900789504 /* ProductInfo.sks in Resources */,
				2375128221C241630048DDCC /* CowboyBoots_BaseColor.png in Resources */,
			);
			runOnlyForDeploymentPostprocessing = 0;
		};
/* End PBXResourcesBuildPhase section */

/* Begin PBXSourcesBuildPhase section */
		2375126321C23C0F0048DDCC /* Sources */ = {
			isa = PBXSourcesBuildPhase;
			buildActionMask = 2147483647;
			files = (
				2375126D21C23C0F0048DDCC /* ViewController.swift in Sources */,
				2375127D21C23E8F0048DDCC /* FocalNode.swift in Sources */,
				2375126B21C23C0F0048DDCC /* AppDelegate.swift in Sources */,
			);
			runOnlyForDeploymentPostprocessing = 0;
		};
/* End PBXSourcesBuildPhase section */

/* Begin PBXVariantGroup section */
		2375126E21C23C0F0048DDCC /* Main.storyboard */ = {
			isa = PBXVariantGroup;
			children = (
				2375126F21C23C0F0048DDCC /* Base */,
			);
			name = Main.storyboard;
			sourceTree = "<group>";
		};
		2375127321C23C0F0048DDCC /* LaunchScreen.storyboard */ = {
			isa = PBXVariantGroup;
			children = (
				2375127421C23C0F0048DDCC /* Base */,
			);
			name = LaunchScreen.storyboard;
			sourceTree = "<group>";
		};
/* End PBXVariantGroup section */

/* Begin XCBuildConfiguration section */
		2375127721C23C0F0048DDCC /* Debug */ = {
			isa = XCBuildConfiguration;
			buildSettings = {
				ALWAYS_SEARCH_USER_PATHS = NO;
				CLANG_ANALYZER_NONNULL = YES;
				CLANG_ANALYZER_NUMBER_OBJECT_CONVERSION = YES_AGGRESSIVE;
				CLANG_CXX_LANGUAGE_STANDARD = "gnu++14";
				CLANG_CXX_LIBRARY = "libc++";
				CLANG_ENABLE_MODULES = YES;
				CLANG_ENABLE_OBJC_ARC = YES;
				CLANG_ENABLE_OBJC_WEAK = YES;
				CLANG_WARN_BLOCK_CAPTURE_AUTORELEASING = YES;
				CLANG_WARN_BOOL_CONVERSION = YES;
				CLANG_WARN_COMMA = YES;
				CLANG_WARN_CONSTANT_CONVERSION = YES;
				CLANG_WARN_DEPRECATED_OBJC_IMPLEMENTATIONS = YES;
				CLANG_WARN_DIRECT_OBJC_ISA_USAGE = YES_ERROR;
				CLANG_WARN_DOCUMENTATION_COMMENTS = YES;
				CLANG_WARN_EMPTY_BODY = YES;
				CLANG_WARN_ENUM_CONVERSION = YES;
				CLANG_WARN_INFINITE_RECURSION = YES;
				CLANG_WARN_INT_CONVERSION = YES;
				CLANG_WARN_NON_LITERAL_NULL_CONVERSION = YES;
				CLANG_WARN_OBJC_IMPLICIT_RETAIN_SELF = YES;
				CLANG_WARN_OBJC_LITERAL_CONVERSION = YES;
				CLANG_WARN_OBJC_ROOT_CLASS = YES_ERROR;
				CLANG_WARN_RANGE_LOOP_ANALYSIS = YES;
				CLANG_WARN_STRICT_PROTOTYPES = YES;
				CLANG_WARN_SUSPICIOUS_MOVE = YES;
				CLANG_WARN_UNGUARDED_AVAILABILITY = YES_AGGRESSIVE;
				CLANG_WARN_UNREACHABLE_CODE = YES;
				CLANG_WARN__DUPLICATE_METHOD_MATCH = YES;
				CODE_SIGN_IDENTITY = "iPhone Developer";
				COPY_PHASE_STRIP = NO;
				DEBUG_INFORMATION_FORMAT = dwarf;
				ENABLE_STRICT_OBJC_MSGSEND = YES;
				ENABLE_TESTABILITY = YES;
				GCC_C_LANGUAGE_STANDARD = gnu11;
				GCC_DYNAMIC_NO_PIC = NO;
				GCC_NO_COMMON_BLOCKS = YES;
				GCC_OPTIMIZATION_LEVEL = 0;
				GCC_PREPROCESSOR_DEFINITIONS = (
					"DEBUG=1",
					"$(inherited)",
				);
				GCC_WARN_64_TO_32_BIT_CONVERSION = YES;
				GCC_WARN_ABOUT_RETURN_TYPE = YES_ERROR;
				GCC_WARN_UNDECLARED_SELECTOR = YES;
				GCC_WARN_UNINITIALIZED_AUTOS = YES_AGGRESSIVE;
				GCC_WARN_UNUSED_FUNCTION = YES;
				GCC_WARN_UNUSED_VARIABLE = YES;
				IPHONEOS_DEPLOYMENT_TARGET = 12.1;
				MTL_ENABLE_DEBUG_INFO = INCLUDE_SOURCE;
				MTL_FAST_MATH = YES;
				ONLY_ACTIVE_ARCH = YES;
				SDKROOT = iphoneos;
				SWIFT_ACTIVE_COMPILATION_CONDITIONS = DEBUG;
				SWIFT_OPTIMIZATION_LEVEL = "-Onone";
			};
			name = Debug;
		};
		2375127821C23C0F0048DDCC /* Release */ = {
			isa = XCBuildConfiguration;
			buildSettings = {
				ALWAYS_SEARCH_USER_PATHS = NO;
				CLANG_ANALYZER_NONNULL = YES;
				CLANG_ANALYZER_NUMBER_OBJECT_CONVERSION = YES_AGGRESSIVE;
				CLANG_CXX_LANGUAGE_STANDARD = "gnu++14";
				CLANG_CXX_LIBRARY = "libc++";
				CLANG_ENABLE_MODULES = YES;
				CLANG_ENABLE_OBJC_ARC = YES;
				CLANG_ENABLE_OBJC_WEAK = YES;
				CLANG_WARN_BLOCK_CAPTURE_AUTORELEASING = YES;
				CLANG_WARN_BOOL_CONVERSION = YES;
				CLANG_WARN_COMMA = YES;
				CLANG_WARN_CONSTANT_CONVERSION = YES;
				CLANG_WARN_DEPRECATED_OBJC_IMPLEMENTATIONS = YES;
				CLANG_WARN_DIRECT_OBJC_ISA_USAGE = YES_ERROR;
				CLANG_WARN_DOCUMENTATION_COMMENTS = YES;
				CLANG_WARN_EMPTY_BODY = YES;
				CLANG_WARN_ENUM_CONVERSION = YES;
				CLANG_WARN_INFINITE_RECURSION = YES;
				CLANG_WARN_INT_CONVERSION = YES;
				CLANG_WARN_NON_LITERAL_NULL_CONVERSION = YES;
				CLANG_WARN_OBJC_IMPLICIT_RETAIN_SELF = YES;
				CLANG_WARN_OBJC_LITERAL_CONVERSION = YES;
				CLANG_WARN_OBJC_ROOT_CLASS = YES_ERROR;
				CLANG_WARN_RANGE_LOOP_ANALYSIS = YES;
				CLANG_WARN_STRICT_PROTOTYPES = YES;
				CLANG_WARN_SUSPICIOUS_MOVE = YES;
				CLANG_WARN_UNGUARDED_AVAILABILITY = YES_AGGRESSIVE;
				CLANG_WARN_UNREACHABLE_CODE = YES;
				CLANG_WARN__DUPLICATE_METHOD_MATCH = YES;
				CODE_SIGN_IDENTITY = "iPhone Developer";
				COPY_PHASE_STRIP = NO;
				DEBUG_INFORMATION_FORMAT = "dwarf-with-dsym";
				ENABLE_NS_ASSERTIONS = NO;
				ENABLE_STRICT_OBJC_MSGSEND = YES;
				GCC_C_LANGUAGE_STANDARD = gnu11;
				GCC_NO_COMMON_BLOCKS = YES;
				GCC_WARN_64_TO_32_BIT_CONVERSION = YES;
				GCC_WARN_ABOUT_RETURN_TYPE = YES_ERROR;
				GCC_WARN_UNDECLARED_SELECTOR = YES;
				GCC_WARN_UNINITIALIZED_AUTOS = YES_AGGRESSIVE;
				GCC_WARN_UNUSED_FUNCTION = YES;
				GCC_WARN_UNUSED_VARIABLE = YES;
				IPHONEOS_DEPLOYMENT_TARGET = 12.1;
				MTL_ENABLE_DEBUG_INFO = NO;
				MTL_FAST_MATH = YES;
				SDKROOT = iphoneos;
				SWIFT_COMPILATION_MODE = wholemodule;
				SWIFT_OPTIMIZATION_LEVEL = "-O";
				VALIDATE_PRODUCT = YES;
			};
			name = Release;
		};
		2375127A21C23C0F0048DDCC /* Debug */ = {
			isa = XCBuildConfiguration;
			buildSettings = {
				ASSETCATALOG_COMPILER_APPICON_NAME = AppIcon;
				CODE_SIGN_STYLE = Automatic;
				DEVELOPMENT_TEAM = 2XMNB3L8C3;
				INFOPLIST_FILE = DecoratingAppOnly/Info.plist;
				LD_RUNPATH_SEARCH_PATHS = (
					"$(inherited)",
					"@executable_path/Frameworks",
				);
				PRODUCT_BUNDLE_IDENTIFIER = "-com.sap.ARKitDemo2";
				PRODUCT_NAME = "$(TARGET_NAME)";
				SWIFT_VERSION = 4.2;
				TARGETED_DEVICE_FAMILY = "1,2";
			};
			name = Debug;
		};
		2375127B21C23C0F0048DDCC /* Release */ = {
			isa = XCBuildConfiguration;
			buildSettings = {
				ASSETCATALOG_COMPILER_APPICON_NAME = AppIcon;
				CODE_SIGN_STYLE = Automatic;
				DEVELOPMENT_TEAM = 2XMNB3L8C3;
				INFOPLIST_FILE = DecoratingAppOnly/Info.plist;
				LD_RUNPATH_SEARCH_PATHS = (
					"$(inherited)",
					"@executable_path/Frameworks",
				);
				PRODUCT_BUNDLE_IDENTIFIER = "-com.sap.ARKitDemo2";
				PRODUCT_NAME = "$(TARGET_NAME)";
				SWIFT_VERSION = 4.2;
				TARGETED_DEVICE_FAMILY = "1,2";
			};
			name = Release;
		};
/* End XCBuildConfiguration section */

/* Begin XCConfigurationList section */
		2375126221C23C0F0048DDCC /* Build configuration list for PBXProject "DecoratingAppOnly" */ = {
			isa = XCConfigurationList;
			buildConfigurations = (
				2375127721C23C0F0048DDCC /* Debug */,
				2375127821C23C0F0048DDCC /* Release */,
			);
			defaultConfigurationIsVisible = 0;
			defaultConfigurationName = Release;
		};
		2375127921C23C0F0048DDCC /* Build configuration list for PBXNativeTarget "DecoratingAppOnly" */ = {
			isa = XCConfigurationList;
			buildConfigurations = (
				2375127A21C23C0F0048DDCC /* Debug */,
				2375127B21C23C0F0048DDCC /* Release */,
			);
			defaultConfigurationIsVisible = 0;
			defaultConfigurationName = Release;
		};
/* End XCConfigurationList section */
	};
	rootObject = 2375125F21C23C0F0048DDCC /* Project object */;
}
